<?xml version="1.0" encoding="utf-8"?>
<Project ToolsVersion="4.0" xmlns="http://schemas.microsoft.com/developer/msbuild/2003">
  <ItemGroup>
    <Filter Include="Source">
      <UniqueIdentifier>{9e330543-d6bf-481b-9bcd-6835e4dcd9d9}</UniqueIdentifier>
    </Filter>
  </ItemGroup>
  <ItemGroup>
    <ClCompile Include="..\..\..\Plugins\GameLister\GameLister.cpp">
      <Filter>Source</Filter>
    </ClCompile>
    <ClCompile Include="..\..\..\Plugins\GameLister\Main.c">
      <Filter>Source</Filter>
    </ClCompile>
  </ItemGroup>
  <ItemGroup>
    <None Include="..\..\..\Plugins\GameLister\GameLister.def">
      <Filter>Source</Filter>
    </None>
  </ItemGroup>
  <ItemGroup>
    <ClInclude Include="..\..\..\Plugins\GameLister\GameLister.h">
      <Filter>Source</Filter>
    </ClInclude>
    <ClInclude Include="..\..\..\Plugins\GameLister\Lister.h">
      <Filter>Source</Filter>
    </ClInclude>
    <ClInclude Include="..\..\..\Plugins\GameLister\resource.h">
      <Filter>Source</Filter>
    </ClInclude>
  </ItemGroup>
  <ItemGroup>
    <ResourceCompile Include="..\..\..\Plugins\GameLister\GameLister.rc">
      <Filter>Source</Filter>
    </ResourceCompile>
  </ItemGroup>
</Project>