<?xml version="1.0" encoding="utf-8"?>
<Project ToolsVersion="4.0" xmlns="http://schemas.microsoft.com/developer/msbuild/2003">
  <ItemGroup>
    <Filter Include="Source">
      <UniqueIdentifier>{5ffb9684-e6ef-4a5f-9825-73715ed4c7d1}</UniqueIdentifier>
    </Filter>
  </ItemGroup>
  <ItemGroup>
    <Image Include="..\ListingGen\icon1.ico">
      <Filter>Source</Filter>
    </Image>
    <Image Include="..\ListingGen\title.bmp">
      <Filter>Source</Filter>
    </Image>
  </ItemGroup>
  <ItemGroup>
    <ClInclude Include="..\ListingGen\Lister.h">
      <Filter>Source</Filter>
    </ClInclude>
    <ClInclude Include="..\ListingGen\resource.h">
      <Filter>Source</Filter>
    </ClInclude>
  </ItemGroup>
  <ItemGroup>
    <ResourceCompile Include="..\ListingGen\ListingGen.rc">
      <Filter>Source</Filter>
    </ResourceCompile>
  </ItemGroup>
  <ItemGroup>
    <ClCompile Include="..\ListingGen\Main.cpp">
      <Filter>Source</Filter>
    </ClCompile>
  </ItemGroup>
</Project>